
Microsoft Visual Studio Solution File, Format Version 12.00
# Visual Studio Version 17
VisualStudioVersion = 17.14.36109.1
MinimumVisualStudioVersion = 10.0.40219.1
Project("{FAE04EC0-301F-11D3-BF4B-00C04F79EFBC}") = "Emocare.API", "Emocare.API\Emocare.API.csproj", "{ACCCB9C9-407B-FB0A-2E6D-E71E83F24F78}"
EndProject
Project("{FAE04EC0-301F-11D3-BF4B-00C04F79EFBC}") = "Emocare.Application", "Emocare.Application\Emocare.Application.csproj", "{0D5D3CA2-3AA0-FCC2-7398-578B87CAAFF8}"
EndProject
Project("{FAE04EC0-301F-11D3-BF4B-00C04F79EFBC}") = "Emocare.Domain", "Emocare.Core\Emocare.Domain.csproj", "{4FA2E91E-4E7E-F361-6A5E-E58C35B7A1AB}"
EndProject
Project("{FAE04EC0-301F-11D3-BF4B-00C04F79EFBC}") = "Emocare.Infrastructure", "Emocare.Infrastructure\Emocare.Infrastructure.csproj", "{C01CFE1A-4D6E-D369-8BC0-12D10E18A7F9}"
EndProject
Project("{FAE04EC0-301F-11D3-BF4B-00C04F79EFBC}") = "Emocare.Shared", "Emocare.Shared\Emocare.Shared.csproj", "{4D23AAC0-3A29-8A70-385A-667F6E59F338}"
EndProject
Global
	GlobalSection(SolutionConfigurationPlatforms) = preSolution
		Debug|Any CPU = Debug|Any CPU
		Release|Any CPU = Release|Any CPU
	EndGlobalSection
	GlobalSection(ProjectConfigurationPlatforms) = postSolution
		{ACCCB9C9-407B-FB0A-2E6D-E71E83F24F78}.Debug|Any CPU.ActiveCfg = Debug|Any CPU
		{ACCCB9C9-407B-FB0A-2E6D-E71E83F24F78}.Debug|Any CPU.Build.0 = Debug|Any CPU
		{ACCCB9C9-407B-FB0A-2E6D-E71E83F24F78}.Release|Any CPU.ActiveCfg = Release|Any CPU
		{ACCCB9C9-407B-FB0A-2E6D-E71E83F24F78}.Release|Any CPU.Build.0 = Release|Any CPU
		{0D5D3CA2-3AA0-FCC2-7398-578B87CAAFF8}.Debug|Any CPU.ActiveCfg = Debug|Any CPU
		{0D5D3CA2-3AA0-FCC2-7398-578B87CAAFF8}.Debug|Any CPU.Build.0 = Debug|Any CPU
		{0D5D3CA2-3AA0-FCC2-7398-578B87CAAFF8}.Release|Any CPU.ActiveCfg = Release|Any CPU
		{0D5D3CA2-3AA0-FCC2-7398-578B87CAAFF8}.Release|Any CPU.Build.0 = Release|Any CPU
		{4FA2E91E-4E7E-F361-6A5E-E58C35B7A1AB}.Debug|Any CPU.ActiveCfg = Debug|Any CPU
		{4FA2E91E-4E7E-F361-6A5E-E58C35B7A1AB}.Debug|Any CPU.Build.0 = Debug|Any CPU
		{4FA2E91E-4E7E-F361-6A5E-E58C35B7A1AB}.Release|Any CPU.ActiveCfg = Release|Any CPU
		{4FA2E91E-4E7E-F361-6A5E-E58C35B7A1AB}.Release|Any CPU.Build.0 = Release|Any CPU
		{C01CFE1A-4D6E-D369-8BC0-12D10E18A7F9}.Debug|Any CPU.ActiveCfg = Debug|Any CPU
		{C01CFE1A-4D6E-D369-8BC0-12D10E18A7F9}.Debug|Any CPU.Build.0 = Debug|Any CPU
		{C01CFE1A-4D6E-D369-8BC0-12D10E18A7F9}.Release|Any CPU.ActiveCfg = Release|Any CPU
		{C01CFE1A-4D6E-D369-8BC0-12D10E18A7F9}.Release|Any CPU.Build.0 = Release|Any CPU
		{4D23AAC0-3A29-8A70-385A-667F6E59F338}.Debug|Any CPU.ActiveCfg = Debug|Any CPU
		{4D23AAC0-3A29-8A70-385A-667F6E59F338}.Debug|Any CPU.Build.0 = Debug|Any CPU
		{4D23AAC0-3A29-8A70-385A-667F6E59F338}.Release|Any CPU.ActiveCfg = Release|Any CPU
		{4D23AAC0-3A29-8A70-385A-667F6E59F338}.Release|Any CPU.Build.0 = Release|Any CPU
	EndGlobalSection
	GlobalSection(SolutionProperties) = preSolution
		HideSolutionNode = FALSE
	EndGlobalSection
	GlobalSection(ExtensibilityGlobals) = postSolution
		SolutionGuid = {36DC0C5A-988B-4DAA-B9F1-61C76EDF9A7C}
	EndGlobalSection
EndGlobal
